
Microsoft Visual Studio Solution File, Format Version 12.00
# Visual Studio 15
VisualStudioVersion = 15.0.26730.15
MinimumVisualStudioVersion = 10.0.40219.1
Project("{FAE04EC0-301F-11D3-BF4B-00C04F79EFBC}") = "laba4", "laba4\laba4.csproj", "{6A85A848-ADFF-4C3C-8A6E-7D1CF5DD835B}"
EndProject
Global
	GlobalSection(SolutionConfigurationPlatforms) = preSolution
		Debug|Any CPU = Debug|Any CPU
		Release|Any CPU = Release|Any CPU
	EndGlobalSection
	GlobalSection(ProjectConfigurationPlatforms) = postSolution
		{6A85A848-ADFF-4C3C-8A6E-7D1CF5DD835B}.Debug|Any CPU.ActiveCfg = Debug|Any CPU
		{6A85A848-ADFF-4C3C-8A6E-7D1CF5DD835B}.Debug|Any CPU.Build.0 = Debug|Any CPU
		{6A85A848-ADFF-4C3C-8A6E-7D1CF5DD835B}.Release|Any CPU.ActiveCfg = Release|Any CPU
		{6A85A848-ADFF-4C3C-8A6E-7D1CF5DD835B}.Release|Any CPU.Build.0 = Release|Any CPU
	EndGlobalSection
	GlobalSection(SolutionProperties) = preSolution
		HideSolutionNode = FALSE
	EndGlobalSection
	GlobalSection(ExtensibilityGlobals) = postSolution
		SolutionGuid = {1FA4FC3F-874D-4E36-AAB8-9C0958DFF096}
	EndGlobalSection
EndGlobal
