
Microsoft Visual Studio Solution File, Format Version 12.00
# Visual Studio 15
VisualStudioVersion = 15.0.26730.15
MinimumVisualStudioVersion = 10.0.40219.1
Project("{FAE04EC0-301F-11D3-BF4B-00C04F79EFBC}") = "laba2", "laba2\laba2.csproj", "{34FC82CB-EFD7-4F56-AAFD-B70CCF6995A6}"
EndProject
Global
	GlobalSection(SolutionConfigurationPlatforms) = preSolution
		Debug|Any CPU = Debug|Any CPU
		Release|Any CPU = Release|Any CPU
	EndGlobalSection
	GlobalSection(ProjectConfigurationPlatforms) = postSolution
		{34FC82CB-EFD7-4F56-AAFD-B70CCF6995A6}.Debug|Any CPU.ActiveCfg = Debug|Any CPU
		{34FC82CB-EFD7-4F56-AAFD-B70CCF6995A6}.Debug|Any CPU.Build.0 = Debug|Any CPU
		{34FC82CB-EFD7-4F56-AAFD-B70CCF6995A6}.Release|Any CPU.ActiveCfg = Release|Any CPU
		{34FC82CB-EFD7-4F56-AAFD-B70CCF6995A6}.Release|Any CPU.Build.0 = Release|Any CPU
	EndGlobalSection
	GlobalSection(SolutionProperties) = preSolution
		HideSolutionNode = FALSE
	EndGlobalSection
	GlobalSection(ExtensibilityGlobals) = postSolution
		SolutionGuid = {3A3917F1-07E4-4D25-B6D0-D878FE14E0B9}
	EndGlobalSection
EndGlobal
