
Microsoft Visual Studio Solution File, Format Version 12.00
# Visual Studio 15
VisualStudioVersion = 15.0.26730.15
MinimumVisualStudioVersion = 10.0.40219.1
Project("{FAE04EC0-301F-11D3-BF4B-00C04F79EFBC}") = "laba6", "laba6\laba6.csproj", "{467B6CC4-4537-4F40-97E7-B56C41167805}"
EndProject
Global
	GlobalSection(SolutionConfigurationPlatforms) = preSolution
		Debug|Any CPU = Debug|Any CPU
		Release|Any CPU = Release|Any CPU
	EndGlobalSection
	GlobalSection(ProjectConfigurationPlatforms) = postSolution
		{467B6CC4-4537-4F40-97E7-B56C41167805}.Debug|Any CPU.ActiveCfg = Debug|Any CPU
		{467B6CC4-4537-4F40-97E7-B56C41167805}.Debug|Any CPU.Build.0 = Debug|Any CPU
		{467B6CC4-4537-4F40-97E7-B56C41167805}.Release|Any CPU.ActiveCfg = Release|Any CPU
		{467B6CC4-4537-4F40-97E7-B56C41167805}.Release|Any CPU.Build.0 = Release|Any CPU
	EndGlobalSection
	GlobalSection(SolutionProperties) = preSolution
		HideSolutionNode = FALSE
	EndGlobalSection
	GlobalSection(ExtensibilityGlobals) = postSolution
		SolutionGuid = {593C8C69-0E65-41E4-9C94-99E73337C7B9}
	EndGlobalSection
EndGlobal
